
Microsoft Visual Studio Solution File, Format Version 12.00
# Visual Studio Version 17
VisualStudioVersion = 17.4.33205.214
MinimumVisualStudioVersion = 10.0.40219.1
Project("{FAE04EC0-301F-11D3-BF4B-00C04F79EFBC}") = "WebApplication5", "WebApplication5\WebApplication5.csproj", "{24AE2B5F-15EB-4858-AC65-A37D07E0DBDC}"
EndProject
Global
	GlobalSection(SolutionConfigurationPlatforms) = preSolution
		Debug|Any CPU = Debug|Any CPU
		Release|Any CPU = Release|Any CPU
	EndGlobalSection
	GlobalSection(ProjectConfigurationPlatforms) = postSolution
		{24AE2B5F-15EB-4858-AC65-A37D07E0DBDC}.Debug|Any CPU.ActiveCfg = Debug|Any CPU
		{24AE2B5F-15EB-4858-AC65-A37D07E0DBDC}.Debug|Any CPU.Build.0 = Debug|Any CPU
		{24AE2B5F-15EB-4858-AC65-A37D07E0DBDC}.Release|Any CPU.ActiveCfg = Release|Any CPU
		{24AE2B5F-15EB-4858-AC65-A37D07E0DBDC}.Release|Any CPU.Build.0 = Release|Any CPU
	EndGlobalSection
	GlobalSection(SolutionProperties) = preSolution
		HideSolutionNode = FALSE
	EndGlobalSection
	GlobalSection(ExtensibilityGlobals) = postSolution
		SolutionGuid = {17E85D63-2F00-411E-82F6-70CCEF5AE1AA}
	EndGlobalSection
EndGlobal
